
Microsoft Visual Studio Solution File, Format Version 12.00
# Visual Studio Version 17
VisualStudioVersion = 17.10.34707.107
MinimumVisualStudioVersion = 10.0.40219.1
Project("{FAE04EC0-301F-11D3-BF4B-00C04F79EFBC}") = "HalloTPL", "HalloTPL\HalloTPL.csproj", "{A81DF8F6-6F9C-4882-8A73-24864FB36D43}"
EndProject
Global
	GlobalSection(SolutionConfigurationPlatforms) = preSolution
		Debug|Any CPU = Debug|Any CPU
		Release|Any CPU = Release|Any CPU
	EndGlobalSection
	GlobalSection(ProjectConfigurationPlatforms) = postSolution
		{A81DF8F6-6F9C-4882-8A73-24864FB36D43}.Debug|Any CPU.ActiveCfg = Debug|Any CPU
		{A81DF8F6-6F9C-4882-8A73-24864FB36D43}.Debug|Any CPU.Build.0 = Debug|Any CPU
		{A81DF8F6-6F9C-4882-8A73-24864FB36D43}.Release|Any CPU.ActiveCfg = Release|Any CPU
		{A81DF8F6-6F9C-4882-8A73-24864FB36D43}.Release|Any CPU.Build.0 = Release|Any CPU
	EndGlobalSection
	GlobalSection(SolutionProperties) = preSolution
		HideSolutionNode = FALSE
	EndGlobalSection
	GlobalSection(ExtensibilityGlobals) = postSolution
		SolutionGuid = {88FBE11A-6502-42A6-AA7C-BA294224A765}
	EndGlobalSection
EndGlobal
