
Microsoft Visual Studio Solution File, Format Version 12.00
# Visual Studio Version 17
VisualStudioVersion = 17.10.34707.107
MinimumVisualStudioVersion = 10.0.40219.1
Project("{FAE04EC0-301F-11D3-BF4B-00C04F79EFBC}") = "Calculator", "Calculator\Calculator.csproj", "{C01C75EC-195E-4395-95FF-C716154350B9}"
EndProject
Project("{FAE04EC0-301F-11D3-BF4B-00C04F79EFBC}") = "Calculator.Tests", "Calculator.Tests\Calculator.Tests.csproj", "{8DDCEBC4-36E5-4602-8F8A-ECFCC64A651B}"
EndProject
Global
	GlobalSection(SolutionConfigurationPlatforms) = preSolution
		Debug|Any CPU = Debug|Any CPU
		Release|Any CPU = Release|Any CPU
	EndGlobalSection
	GlobalSection(ProjectConfigurationPlatforms) = postSolution
		{C01C75EC-195E-4395-95FF-C716154350B9}.Debug|Any CPU.ActiveCfg = Debug|Any CPU
		{C01C75EC-195E-4395-95FF-C716154350B9}.Debug|Any CPU.Build.0 = Debug|Any CPU
		{C01C75EC-195E-4395-95FF-C716154350B9}.Release|Any CPU.ActiveCfg = Release|Any CPU
		{C01C75EC-195E-4395-95FF-C716154350B9}.Release|Any CPU.Build.0 = Release|Any CPU
		{8DDCEBC4-36E5-4602-8F8A-ECFCC64A651B}.Debug|Any CPU.ActiveCfg = Debug|Any CPU
		{8DDCEBC4-36E5-4602-8F8A-ECFCC64A651B}.Debug|Any CPU.Build.0 = Debug|Any CPU
		{8DDCEBC4-36E5-4602-8F8A-ECFCC64A651B}.Release|Any CPU.ActiveCfg = Release|Any CPU
		{8DDCEBC4-36E5-4602-8F8A-ECFCC64A651B}.Release|Any CPU.Build.0 = Release|Any CPU
	EndGlobalSection
	GlobalSection(SolutionProperties) = preSolution
		HideSolutionNode = FALSE
	EndGlobalSection
	GlobalSection(ExtensibilityGlobals) = postSolution
		SolutionGuid = {1B9CD2BE-50DA-46D8-9FCE-7F0C99DF67A4}
	EndGlobalSection
EndGlobal
